# Generated by pub
# See https://dart.dev/tools/pub/glossary#lockfile
packages:
  dart_debounce_throttle:
    dependency: "direct main"
    description:
      name: dart_debounce_throttle
      sha256: d101c302cd8928385c55630ff124cb3d75c8387a28bf36b840a5da3d6daa2dcf
      url: "https://pub.dev"
    source: hosted
    version: "2.0.0"
  lints:
    dependency: "direct dev"
    description:
      name: lints
      sha256: a5e2b223cb7c9c8efdc663ef484fdd95bb243bff242ef5b13e26883547fce9a0
      url: "https://pub.dev"
    source: hosted
    version: "6.0.0"
  meta:
    dependency: transitive
    description:
      name: meta
      sha256: "1741988757a65eb6b36abe716829688cf01910bbf91c34354ff7ec1c3de2b349"
      url: "https://pub.dev"
    source: hosted
    version: "1.18.0"
sdks:
  dart: ">=3.8.0-0 <4.0.0"
